
Microsoft Visual Studio Solution File, Format Version 12.00
# Visual Studio Version 17
VisualStudioVersion = 17.0.32126.317
MinimumVisualStudioVersion = 10.0.40219.1
Project("{FAE04EC0-301F-11D3-BF4B-00C04F79EFBC}") = "FormDemonstration", "FormDemonstration\FormDemonstration.csproj", "{9E09755E-15B5-4477-A3C1-B4D8E6E23565}"
EndProject
Global
	GlobalSection(SolutionConfigurationPlatforms) = preSolution
		Debug|Any CPU = Debug|Any CPU
		Release|Any CPU = Release|Any CPU
	EndGlobalSection
	GlobalSection(ProjectConfigurationPlatforms) = postSolution
		{9E09755E-15B5-4477-A3C1-B4D8E6E23565}.Debug|Any CPU.ActiveCfg = Debug|Any CPU
		{9E09755E-15B5-4477-A3C1-B4D8E6E23565}.Debug|Any CPU.Build.0 = Debug|Any CPU
		{9E09755E-15B5-4477-A3C1-B4D8E6E23565}.Release|Any CPU.ActiveCfg = Release|Any CPU
		{9E09755E-15B5-4477-A3C1-B4D8E6E23565}.Release|Any CPU.Build.0 = Release|Any CPU
	EndGlobalSection
	GlobalSection(SolutionProperties) = preSolution
		HideSolutionNode = FALSE
	EndGlobalSection
	GlobalSection(ExtensibilityGlobals) = postSolution
		SolutionGuid = {3847EFEE-71B1-4009-BAE1-5BF7BC2C8A5C}
	EndGlobalSection
EndGlobal
